
Microsoft Visual Studio Solution File, Format Version 12.00
# Visual Studio Version 17
VisualStudioVersion = 17.6.33829.357
MinimumVisualStudioVersion = 10.0.40219.1
Project("{8BC9CEB8-8B4A-11D0-8D11-00A0C91BC942}") = "OOP_GAME", "OOP_GAME.vcxproj", "{6AC13659-4DE7-4F68-8887-99D04A85DC0F}"
EndProject
Global
	GlobalSection(SolutionConfigurationPlatforms) = preSolution
		Debug|x64 = Debug|x64
		Debug|x86 = Debug|x86
		Release|x64 = Release|x64
		Release|x86 = Release|x86
	EndGlobalSection
	GlobalSection(ProjectConfigurationPlatforms) = postSolution
		{6AC13659-4DE7-4F68-8887-99D04A85DC0F}.Debug|x64.ActiveCfg = Debug|x64
		{6AC13659-4DE7-4F68-8887-99D04A85DC0F}.Debug|x64.Build.0 = Debug|x64
		{6AC13659-4DE7-4F68-8887-99D04A85DC0F}.Debug|x86.ActiveCfg = Debug|Win32
		{6AC13659-4DE7-4F68-8887-99D04A85DC0F}.Debug|x86.Build.0 = Debug|Win32
		{6AC13659-4DE7-4F68-8887-99D04A85DC0F}.Release|x64.ActiveCfg = Release|x64
		{6AC13659-4DE7-4F68-8887-99D04A85DC0F}.Release|x64.Build.0 = Release|x64
		{6AC13659-4DE7-4F68-8887-99D04A85DC0F}.Release|x86.ActiveCfg = Release|Win32
		{6AC13659-4DE7-4F68-8887-99D04A85DC0F}.Release|x86.Build.0 = Release|Win32
	EndGlobalSection
	GlobalSection(SolutionProperties) = preSolution
		HideSolutionNode = FALSE
	EndGlobalSection
	GlobalSection(ExtensibilityGlobals) = postSolution
		SolutionGuid = {EA391D2D-BF0B-4431-8D6F-72C88E421FB7}
	EndGlobalSection
EndGlobal
