<?xml version="1.0" encoding="utf-8"?>
<Project ToolsVersion="4.0" xmlns="http://schemas.microsoft.com/developer/msbuild/2003">
  <ItemGroup>
    <Filter Include="Source Files">
      <UniqueIdentifier>{4FC737F1-C7A5-4376-A066-2A32D752A2FF}</UniqueIdentifier>
      <Extensions>cpp;c;cc;cxx;c++;cppm;ixx;def;odl;idl;hpj;bat;asm;asmx</Extensions>
    </Filter>
    <Filter Include="Header Files">
      <UniqueIdentifier>{93995380-89BD-4b04-88EB-625FBE52EBFB}</UniqueIdentifier>
      <Extensions>h;hh;hpp;hxx;h++;hm;inl;inc;ipp;xsd</Extensions>
    </Filter>
    <Filter Include="Resource Files">
      <UniqueIdentifier>{67DA6AB6-F800-4c08-8B7A-83BB121AAD01}</UniqueIdentifier>
      <Extensions>rc;ico;cur;bmp;dlg;rc2;rct;bin;rgs;gif;jpg;jpeg;jpe;resx;tiff;tif;png;wav;mfcribbon-ms</Extensions>
    </Filter>
    <Filter Include="Header Files\Events">
      <UniqueIdentifier>{14f1f23d-76a8-4119-9879-9da9410a6c78}</UniqueIdentifier>
    </Filter>
    <Filter Include="Source Files\Events">
      <UniqueIdentifier>{09c8b1f1-b9a9-4a20-8de2-d78f6073aab3}</UniqueIdentifier>
    </Filter>
    <Filter Include="Header Files\Base">
      <UniqueIdentifier>{4b6b27b3-b9a8-4a9c-bf91-9725c50ff595}</UniqueIdentifier>
    </Filter>
    <Filter Include="Source Files\Base">
      <UniqueIdentifier>{e59fc568-70cb-48b4-b4b2-78f1481061c5}</UniqueIdentifier>
    </Filter>
    <Filter Include="Header Files\Logging">
      <UniqueIdentifier>{037172ef-f76f-44e8-b243-724c61aafaee}</UniqueIdentifier>
    </Filter>
    <Filter Include="Source Files\Logging">
      <UniqueIdentifier>{4878f632-b2a2-4fb7-ac5b-e1100f3a0b7d}</UniqueIdentifier>
    </Filter>
    <Filter Include="Header Files\Logging\Output">
      <UniqueIdentifier>{e90f2d3b-754b-40c7-8c85-0693cc6d587d}</UniqueIdentifier>
    </Filter>
    <Filter Include="Source Files\Logging\Output">
      <UniqueIdentifier>{47c96585-04d8-4594-88f7-3d2bac398c40}</UniqueIdentifier>
    </Filter>
    <Filter Include="Source Files\Logging\Observer">
      <UniqueIdentifier>{40593215-c60e-4c4c-907e-e72c0f2f28b7}</UniqueIdentifier>
    </Filter>
    <Filter Include="Header Files\Logging\Observer">
      <UniqueIdentifier>{354c3929-cb2c-4884-848b-3556ec00e2e2}</UniqueIdentifier>
    </Filter>
    <Filter Include="Header Files\Control">
      <UniqueIdentifier>{19def909-fe6b-4bdb-b0a9-27e32de329d3}</UniqueIdentifier>
    </Filter>
    <Filter Include="Source Files\Control">
      <UniqueIdentifier>{7ef421dd-370d-4991-ab15-ed7335e6427d}</UniqueIdentifier>
    </Filter>
  </ItemGroup>
  <ItemGroup>
    <None Include="packages.config" />
  </ItemGroup>
  <ItemGroup>
    <ClCompile Include="WinEvent.cpp">
      <Filter>Source Files\Events</Filter>
    </ClCompile>
    <ClCompile Include="ArmorEvent.cpp">
      <Filter>Source Files\Events</Filter>
    </ClCompile>
    <ClCompile Include="HpEvent.cpp">
      <Filter>Source Files\Events</Filter>
    </ClCompile>
    <ClCompile Include="BankEvent.cpp">
      <Filter>Source Files\Events</Filter>
    </ClCompile>
    <ClCompile Include="DamageEvent.cpp">
      <Filter>Source Files\Events</Filter>
    </ClCompile>
    <ClCompile Include="ChangeFieldEvent.cpp">
      <Filter>Source Files\Events</Filter>
    </ClCompile>
    <ClCompile Include="TeleportEvent.cpp">
      <Filter>Source Files\Events</Filter>
    </ClCompile>
    <ClCompile Include="Cell.cpp">
      <Filter>Source Files\Base</Filter>
    </ClCompile>
    <ClCompile Include="Field.cpp">
      <Filter>Source Files\Base</Filter>
    </ClCompile>
    <ClCompile Include="FieldView.cpp">
      <Filter>Source Files\Base</Filter>
    </ClCompile>
    <ClCompile Include="main.cpp">
      <Filter>Source Files\Base</Filter>
    </ClCompile>
    <ClCompile Include="Player.cpp">
      <Filter>Source Files\Base</Filter>
    </ClCompile>
    <ClCompile Include="EventCreator.cpp">
      <Filter>Source Files\Events</Filter>
    </ClCompile>
    <ClCompile Include="Logger.cpp">
      <Filter>Source Files\Logging</Filter>
    </ClCompile>
    <ClCompile Include="FileLogger.cpp">
      <Filter>Source Files\Logging\Output</Filter>
    </ClCompile>
    <ClCompile Include="CmdLogger.cpp">
      <Filter>Source Files\Logging\Output</Filter>
    </ClCompile>
    <ClCompile Include="Message.cpp">
      <Filter>Source Files\Logging</Filter>
    </ClCompile>
    <ClCompile Include="InfoLog.cpp">
      <Filter>Source Files\Logging</Filter>
    </ClCompile>
    <ClCompile Include="ErrorObserver.cpp">
      <Filter>Source Files\Logging\Observer</Filter>
    </ClCompile>
    <ClCompile Include="GameObserver.cpp">
      <Filter>Source Files\Logging\Observer</Filter>
    </ClCompile>
    <ClCompile Include="StatusObserver.cpp">
      <Filter>Source Files\Logging\Observer</Filter>
    </ClCompile>
    <ClCompile Include="Subject.cpp">
      <Filter>Source Files\Logging</Filter>
    </ClCompile>
    <ClCompile Include="Assigments.cpp">
      <Filter>Source Files\Control</Filter>
    </ClCompile>
    <ClCompile Include="FileInput.cpp">
      <Filter>Source Files\Control</Filter>
    </ClCompile>
    <ClCompile Include="CommandReader.cpp">
      <Filter>Source Files\Control</Filter>
    </ClCompile>
    <ClCompile Include="Controller.cpp">
      <Filter>Source Files\Control</Filter>
    </ClCompile>
    <ClCompile Include="CmdCommandReader.cpp">
      <Filter>Source Files\Control</Filter>
    </ClCompile>
    <ClCompile Include="UiCommandReader.cpp">
      <Filter>Source Files\Control</Filter>
    </ClCompile>
    <ClCompile Include="Mediator.cpp">
      <Filter>Source Files\Control</Filter>
    </ClCompile>
  </ItemGroup>
  <ItemGroup>
    <ClInclude Include="Event.h">
      <Filter>Header Files\Events</Filter>
    </ClInclude>
    <ClInclude Include="FieldEvent.h">
      <Filter>Header Files\Events</Filter>
    </ClInclude>
    <ClInclude Include="PlayerEvent.h">
      <Filter>Header Files\Events</Filter>
    </ClInclude>
    <ClInclude Include="WinEvent.h">
      <Filter>Header Files\Events</Filter>
    </ClInclude>
    <ClInclude Include="ArmorEvent.h">
      <Filter>Header Files\Events</Filter>
    </ClInclude>
    <ClInclude Include="HpEvent.h">
      <Filter>Header Files\Events</Filter>
    </ClInclude>
    <ClInclude Include="BankEvent.h">
      <Filter>Header Files\Events</Filter>
    </ClInclude>
    <ClInclude Include="DamageEvent.h">
      <Filter>Header Files\Events</Filter>
    </ClInclude>
    <ClInclude Include="ChangeFieldEvent.h">
      <Filter>Header Files\Events</Filter>
    </ClInclude>
    <ClInclude Include="TeleportEvent.h">
      <Filter>Header Files\Events</Filter>
    </ClInclude>
    <ClInclude Include="Cell.h">
      <Filter>Header Files\Base</Filter>
    </ClInclude>
    <ClInclude Include="Field.h">
      <Filter>Header Files\Base</Filter>
    </ClInclude>
    <ClInclude Include="FieldView.h">
      <Filter>Header Files\Base</Filter>
    </ClInclude>
    <ClInclude Include="Player.h">
      <Filter>Header Files\Base</Filter>
    </ClInclude>
    <ClInclude Include="EventCreator.h">
      <Filter>Header Files\Events</Filter>
    </ClInclude>
    <ClInclude Include="Logger.h">
      <Filter>Header Files\Logging</Filter>
    </ClInclude>
    <ClInclude Include="Output.h">
      <Filter>Header Files\Logging\Output</Filter>
    </ClInclude>
    <ClInclude Include="FileLogger.h">
      <Filter>Header Files\Logging\Output</Filter>
    </ClInclude>
    <ClInclude Include="CmdLogger.h">
      <Filter>Header Files\Logging\Output</Filter>
    </ClInclude>
    <ClInclude Include="Message.h">
      <Filter>Header Files\Logging</Filter>
    </ClInclude>
    <ClInclude Include="InfoLog.h">
      <Filter>Header Files\Logging</Filter>
    </ClInclude>
    <ClInclude Include="Observer.h">
      <Filter>Header Files\Logging\Observer</Filter>
    </ClInclude>
    <ClInclude Include="ErrorObserver.h">
      <Filter>Header Files\Logging\Observer</Filter>
    </ClInclude>
    <ClInclude Include="GameObserver.h">
      <Filter>Header Files\Logging\Observer</Filter>
    </ClInclude>
    <ClInclude Include="StatusObserver.h">
      <Filter>Header Files\Logging\Observer</Filter>
    </ClInclude>
    <ClInclude Include="Subject.h">
      <Filter>Header Files\Logging</Filter>
    </ClInclude>
    <ClInclude Include="Enums.h">
      <Filter>Header Files\Base</Filter>
    </ClInclude>
    <ClInclude Include="Assigments.h">
      <Filter>Header Files\Control</Filter>
    </ClInclude>
    <ClInclude Include="FileInput.h">
      <Filter>Header Files\Control</Filter>
    </ClInclude>
    <ClInclude Include="CommandReader.h">
      <Filter>Header Files\Control</Filter>
    </ClInclude>
    <ClInclude Include="Controller.h">
      <Filter>Header Files\Control</Filter>
    </ClInclude>
    <ClInclude Include="CmdCommandReader.h">
      <Filter>Header Files\Control</Filter>
    </ClInclude>
    <ClInclude Include="UiCommandReader.h">
      <Filter>Header Files\Control</Filter>
    </ClInclude>
    <ClInclude Include="Mediator.h">
      <Filter>Header Files\Control</Filter>
    </ClInclude>
  </ItemGroup>
</Project>